
Microsoft Visual Studio Solution File, Format Version 12.00
# Visual Studio Version 17
VisualStudioVersion = 17.1.32210.238
MinimumVisualStudioVersion = 10.0.40219.1
Project("{FAE04EC0-301F-11D3-BF4B-00C04F79EFBC}") = "linearexample1", "linearexample1\linearexample1.csproj", "{A1EDC19F-2E1C-40DC-9467-F6FF22BF6A9D}"
EndProject
Global
	GlobalSection(SolutionConfigurationPlatforms) = preSolution
		Debug|Any CPU = Debug|Any CPU
		Release|Any CPU = Release|Any CPU
	EndGlobalSection
	GlobalSection(ProjectConfigurationPlatforms) = postSolution
		{A1EDC19F-2E1C-40DC-9467-F6FF22BF6A9D}.Debug|Any CPU.ActiveCfg = Debug|Any CPU
		{A1EDC19F-2E1C-40DC-9467-F6FF22BF6A9D}.Debug|Any CPU.Build.0 = Debug|Any CPU
		{A1EDC19F-2E1C-40DC-9467-F6FF22BF6A9D}.Release|Any CPU.ActiveCfg = Release|Any CPU
		{A1EDC19F-2E1C-40DC-9467-F6FF22BF6A9D}.Release|Any CPU.Build.0 = Release|Any CPU
	EndGlobalSection
	GlobalSection(SolutionProperties) = preSolution
		HideSolutionNode = FALSE
	EndGlobalSection
	GlobalSection(ExtensibilityGlobals) = postSolution
		SolutionGuid = {8B4171F3-55C4-42B1-8E08-C84BED67032B}
	EndGlobalSection
EndGlobal
